
Microsoft Visual Studio Solution File, Format Version 12.00
# Visual Studio 15
VisualStudioVersion = 15.0.27703.2042
MinimumVisualStudioVersion = 10.0.40219.1
Project("{FAE04EC0-301F-11D3-BF4B-00C04F79EFBC}") = "ContosoUniversity.Web", "src\ContosoUniversity.Web\ContosoUniversity.Web.csproj", "{DDCD95EA-6D6D-4837-A3AB-FA7CBF6412A7}"
EndProject
Project("{FAE04EC0-301F-11D3-BF4B-00C04F79EFBC}") = "ContosoUniversity.Domain", "src\ContosoUniversity.Domain\ContosoUniversity.Domain.csproj", "{D0D467C2-8C69-4460-AAA5-1E9A230D2B4A}"
EndProject
Project("{FAE04EC0-301F-11D3-BF4B-00C04F79EFBC}") = "ContosoUniversity.IntegerationTests", "tests\ContosoUniversity.IntegerationTests\ContosoUniversity.IntegerationTests.csproj", "{E03435F5-C3C7-4680-ACAB-30DEC12E7F31}"
EndProject
Global
	GlobalSection(SolutionConfigurationPlatforms) = preSolution
		Debug|Any CPU = Debug|Any CPU
		Release|Any CPU = Release|Any CPU
	EndGlobalSection
	GlobalSection(ProjectConfigurationPlatforms) = postSolution
		{DDCD95EA-6D6D-4837-A3AB-FA7CBF6412A7}.Debug|Any CPU.ActiveCfg = Debug|Any CPU
		{DDCD95EA-6D6D-4837-A3AB-FA7CBF6412A7}.Debug|Any CPU.Build.0 = Debug|Any CPU
		{DDCD95EA-6D6D-4837-A3AB-FA7CBF6412A7}.Release|Any CPU.ActiveCfg = Release|Any CPU
		{DDCD95EA-6D6D-4837-A3AB-FA7CBF6412A7}.Release|Any CPU.Build.0 = Release|Any CPU
		{D0D467C2-8C69-4460-AAA5-1E9A230D2B4A}.Debug|Any CPU.ActiveCfg = Debug|Any CPU
		{D0D467C2-8C69-4460-AAA5-1E9A230D2B4A}.Debug|Any CPU.Build.0 = Debug|Any CPU
		{D0D467C2-8C69-4460-AAA5-1E9A230D2B4A}.Release|Any CPU.ActiveCfg = Release|Any CPU
		{D0D467C2-8C69-4460-AAA5-1E9A230D2B4A}.Release|Any CPU.Build.0 = Release|Any CPU
		{E03435F5-C3C7-4680-ACAB-30DEC12E7F31}.Debug|Any CPU.ActiveCfg = Debug|Any CPU
		{E03435F5-C3C7-4680-ACAB-30DEC12E7F31}.Debug|Any CPU.Build.0 = Debug|Any CPU
		{E03435F5-C3C7-4680-ACAB-30DEC12E7F31}.Release|Any CPU.ActiveCfg = Release|Any CPU
		{E03435F5-C3C7-4680-ACAB-30DEC12E7F31}.Release|Any CPU.Build.0 = Release|Any CPU
	EndGlobalSection
	GlobalSection(SolutionProperties) = preSolution
		HideSolutionNode = FALSE
	EndGlobalSection
	GlobalSection(ExtensibilityGlobals) = postSolution
		SolutionGuid = {9FF8364F-D54A-43C4-A08A-295951A7BF3A}
	EndGlobalSection
EndGlobal
